
Microsoft Visual Studio Solution File, Format Version 12.00
# Visual Studio Version 17
VisualStudioVersion = 17.7.34031.279
MinimumVisualStudioVersion = 10.0.40219.1
Project("{FAE04EC0-301F-11D3-BF4B-00C04F79EFBC}") = "AuthWin", "AuthWin.csproj", "{95B47C35-E24E-4562-9A1D-F6089A8C208F}"
EndProject
Global
	GlobalSection(SolutionConfigurationPlatforms) = preSolution
		Debug|Any CPU = Debug|Any CPU
		Release|Any CPU = Release|Any CPU
	EndGlobalSection
	GlobalSection(ProjectConfigurationPlatforms) = postSolution
		{95B47C35-E24E-4562-9A1D-F6089A8C208F}.Debug|Any CPU.ActiveCfg = Debug|Any CPU
		{95B47C35-E24E-4562-9A1D-F6089A8C208F}.Debug|Any CPU.Build.0 = Debug|Any CPU
		{95B47C35-E24E-4562-9A1D-F6089A8C208F}.Release|Any CPU.ActiveCfg = Release|Any CPU
		{95B47C35-E24E-4562-9A1D-F6089A8C208F}.Release|Any CPU.Build.0 = Release|Any CPU
	EndGlobalSection
	GlobalSection(SolutionProperties) = preSolution
		HideSolutionNode = FALSE
	EndGlobalSection
	GlobalSection(ExtensibilityGlobals) = postSolution
		SolutionGuid = {C08D26B6-7706-4C82-9C28-8321E2112142}
	EndGlobalSection
EndGlobal
